# This file is generated by running "yarn install" inside your project.
# Manual changes might be lost - proceed with caution!

__metadata:
  version: 8
  cacheKey: 10c0

"@sandbox-as-a-service/config@workspace:.":
  version: 0.0.0-use.local
  resolution: "@sandbox-as-a-service/config@workspace:."
  dependencies:
    "@sandbox-as-a-service/types": "npm:1.0.12"
    "@tsconfig/node22": "npm:^22.0.2"
    "@types/node": "npm:^24.1.0"
    typescript: "npm:^5.9.2"
    zod: "npm:^4.0.14"
  languageName: unknown
  linkType: soft

"@sandbox-as-a-service/types@npm:1.0.12":
  version: 1.0.12
  resolution: "@sandbox-as-a-service/types@npm:1.0.12::__archiveUrl=https%3A%2F%2Fnpm.pkg.github.com%2Fdownload%2F%40sandbox-as-a-service%2Ftypes%2F1.0.12%2F25ccf327ade7a5c56837c2c2f8b119e64844cfae"
  checksum: 10c0/ccb21d0e0eefe3310edaf94fc83cbbaa66c5fcd81910d8f37fdfbf79ebe9771eeb6b6b3d512c7d776aba4201ecd319f7db9a7980c0ecc2008340d2eeb2f544d9
  languageName: node
  linkType: hard

"@tsconfig/node22@npm:^22.0.2":
  version: 22.0.2
  resolution: "@tsconfig/node22@npm:22.0.2"
  checksum: 10c0/c75e6b9ea86ec2a384adefac0e2f16a6c08202ae5cf6c8c745944396a6931ffb38e742809491c1882d1868c2af1c33744193701779674bfb1e05f6a130045a18
  languageName: node
  linkType: hard

"@types/node@npm:^24.1.0":
  version: 24.1.0
  resolution: "@types/node@npm:24.1.0"
  dependencies:
    undici-types: "npm:~7.8.0"
  checksum: 10c0/6c4686bc144f6ce7bffd4cadc3e1196e2217c1da4c639c637213719c8a3ee58b6c596b994befcbffeacd9d9eb0c3bff6529d2bc27da5d1cb9d58b1da0056f9f4
  languageName: node
  linkType: hard

"typescript@npm:^5.9.2":
  version: 5.9.2
  resolution: "typescript@npm:5.9.2"
  bin:
    tsc: bin/tsc
    tsserver: bin/tsserver
  checksum: 10c0/cd635d50f02d6cf98ed42de2f76289701c1ec587a363369255f01ed15aaf22be0813226bff3c53e99d971f9b540e0b3cc7583dbe05faded49b1b0bed2f638a18
  languageName: node
  linkType: hard

"typescript@patch:typescript@npm%3A^5.9.2#optional!builtin<compat/typescript>":
  version: 5.9.2
  resolution: "typescript@patch:typescript@npm%3A5.9.2#optional!builtin<compat/typescript>::version=5.9.2&hash=5786d5"
  bin:
    tsc: bin/tsc
    tsserver: bin/tsserver
  checksum: 10c0/34d2a8e23eb8e0d1875072064d5e1d9c102e0bdce56a10a25c0b917b8aa9001a9cf5c225df12497e99da107dc379360bc138163c66b55b95f5b105b50578067e
  languageName: node
  linkType: hard

"undici-types@npm:~7.8.0":
  version: 7.8.0
  resolution: "undici-types@npm:7.8.0"
  checksum: 10c0/9d9d246d1dc32f318d46116efe3cfca5a72d4f16828febc1918d94e58f6ffcf39c158aa28bf5b4fc52f410446bc7858f35151367bd7a49f21746cab6497b709b
  languageName: node
  linkType: hard

"zod@npm:^4.0.14":
  version: 4.0.14
  resolution: "zod@npm:4.0.14"
  checksum: 10c0/ec8681050d393f3be1c2c8f30d7dd4f56bec3746855fb17288be856185a0fe65e68d1b24aec657bbf956f64c05e69332d3751eafd6c103d19385bcc46075612b
  languageName: node
  linkType: hard
