# This file is generated by running "yarn install" inside your project.
# Manual changes might be lost - proceed with caution!

__metadata:
  version: 8
  cacheKey: 10c0

"@sandbox-as-a-service/config@workspace:.":
  version: 0.0.0-use.local
  resolution: "@sandbox-as-a-service/config@workspace:."
  dependencies:
    "@sandbox-as-a-service/types": "npm:1.0.9"
    "@tsconfig/node22": "npm:^22.0.2"
    "@types/node": "npm:^24.1.0"
    typescript: "npm:^5.8.0"
    zod: "npm:^4.0.14"
  languageName: unknown
  linkType: soft

"@sandbox-as-a-service/types@npm:1.0.9":
  version: 1.0.9
  resolution: "@sandbox-as-a-service/types@npm:1.0.9::__archiveUrl=https%3A%2F%2Fnpm.pkg.github.com%2Fdownload%2F%40sandbox-as-a-service%2Ftypes%2F1.0.9%2Faeb1361c8b0781b82efb7da36b1f2bef08dab319"
  checksum: 10c0/2e0f1e78a68a66653fff6b5763ffa2359441fea17c07d47cfcc754b6f85b93feea99588b494a534e25e840215fb704f8fa216ac3b42b9ff6b7e79d638ccbd0e6
  languageName: node
  linkType: hard

"@tsconfig/node22@npm:^22.0.2":
  version: 22.0.2
  resolution: "@tsconfig/node22@npm:22.0.2"
  checksum: 10c0/c75e6b9ea86ec2a384adefac0e2f16a6c08202ae5cf6c8c745944396a6931ffb38e742809491c1882d1868c2af1c33744193701779674bfb1e05f6a130045a18
  languageName: node
  linkType: hard

"@types/node@npm:^24.1.0":
  version: 24.1.0
  resolution: "@types/node@npm:24.1.0"
  dependencies:
    undici-types: "npm:~7.8.0"
  checksum: 10c0/6c4686bc144f6ce7bffd4cadc3e1196e2217c1da4c639c637213719c8a3ee58b6c596b994befcbffeacd9d9eb0c3bff6529d2bc27da5d1cb9d58b1da0056f9f4
  languageName: node
  linkType: hard

"typescript@npm:^5.8.0":
  version: 5.8.3
  resolution: "typescript@npm:5.8.3"
  bin:
    tsc: bin/tsc
    tsserver: bin/tsserver
  checksum: 10c0/5f8bb01196e542e64d44db3d16ee0e4063ce4f3e3966df6005f2588e86d91c03e1fb131c2581baf0fb65ee79669eea6e161cd448178986587e9f6844446dbb48
  languageName: node
  linkType: hard

"typescript@patch:typescript@npm%3A^5.8.0#optional!builtin<compat/typescript>":
  version: 5.8.3
  resolution: "typescript@patch:typescript@npm%3A5.8.3#optional!builtin<compat/typescript>::version=5.8.3&hash=5786d5"
  bin:
    tsc: bin/tsc
    tsserver: bin/tsserver
  checksum: 10c0/39117e346ff8ebd87ae1510b3a77d5d92dae5a89bde588c747d25da5c146603a99c8ee588c7ef80faaf123d89ed46f6dbd918d534d641083177d5fac38b8a1cb
  languageName: node
  linkType: hard

"undici-types@npm:~7.8.0":
  version: 7.8.0
  resolution: "undici-types@npm:7.8.0"
  checksum: 10c0/9d9d246d1dc32f318d46116efe3cfca5a72d4f16828febc1918d94e58f6ffcf39c158aa28bf5b4fc52f410446bc7858f35151367bd7a49f21746cab6497b709b
  languageName: node
  linkType: hard

"zod@npm:^4.0.14":
  version: 4.0.14
  resolution: "zod@npm:4.0.14"
  checksum: 10c0/ec8681050d393f3be1c2c8f30d7dd4f56bec3746855fb17288be856185a0fe65e68d1b24aec657bbf956f64c05e69332d3751eafd6c103d19385bcc46075612b
  languageName: node
  linkType: hard
